<?xml version="1.0" encoding="utf-8"?>
<Project ToolsVersion="4.0" xmlns="http://schemas.microsoft.com/developer/msbuild/2003">
  <ItemGroup>
    <Filter Include="Fichiers sources">
      <UniqueIdentifier>{4FC737F1-C7A5-4376-A066-2A32D752A2FF}</UniqueIdentifier>
      <Extensions>cpp;c;cc;cxx;def;odl;idl;hpj;bat;asm;asmx</Extensions>
    </Filter>
    <Filter Include="Fichiers d%27en-tête">
      <UniqueIdentifier>{93995380-89BD-4b04-88EB-625FBE52EBFB}</UniqueIdentifier>
      <Extensions>h;hh;hpp;hxx;hm;inl;inc;xsd</Extensions>
    </Filter>
    <Filter Include="Fichiers de ressources">
      <UniqueIdentifier>{67DA6AB6-F800-4c08-8B7A-83BB121AAD01}</UniqueIdentifier>
      <Extensions>rc;ico;cur;bmp;dlg;rc2;rct;bin;rgs;gif;jpg;jpeg;jpe;resx;tiff;tif;png;wav;mfcribbon-ms</Extensions>
    </Filter>
    <Filter Include="Fichiers d%27en-tête\Engine">
      <UniqueIdentifier>{58d0a3dc-f4da-4926-841b-b4ab5a3bacc8}</UniqueIdentifier>
    </Filter>
    <Filter Include="Fichiers sources\Plateau">
      <UniqueIdentifier>{be720bcc-34c4-42ae-a977-a083c1a7a8b3}</UniqueIdentifier>
    </Filter>
    <Filter Include="Fichiers d%27en-tête\Plateau">
      <UniqueIdentifier>{4ec8ea5c-9596-49e2-b63c-ad391f762ec4}</UniqueIdentifier>
    </Filter>
    <Filter Include="Fichiers d%27en-tête\Joueur">
      <UniqueIdentifier>{0402f062-5e03-4a68-9018-7700c86a96c2}</UniqueIdentifier>
    </Filter>
    <Filter Include="Fichiers sources\Joueur">
      <UniqueIdentifier>{5936c3b7-0035-41d0-a2fd-8670b8dacaf7}</UniqueIdentifier>
    </Filter>
    <Filter Include="Fichiers sources\Engine">
      <UniqueIdentifier>{4685208e-3bc5-48c5-9ee7-ee19efd1e2be}</UniqueIdentifier>
    </Filter>
  </ItemGroup>
  <ItemGroup>
    <ClCompile Include="main.cpp">
      <Filter>Fichiers sources</Filter>
    </ClCompile>
    <ClCompile Include="MyControlEngine.cpp">
      <Filter>Fichiers sources\Engine</Filter>
    </ClCompile>
    <ClCompile Include="MyGameEngine.cpp">
      <Filter>Fichiers sources\Engine</Filter>
    </ClCompile>
    <ClCompile Include="MyGraphicEngine.cpp">
      <Filter>Fichiers sources\Engine</Filter>
    </ClCompile>
    <ClCompile Include="Morpion.cpp">
      <Filter>Fichiers sources\Plateau</Filter>
    </ClCompile>
    <ClCompile Include="Player.cpp">
      <Filter>Fichiers sources\Joueur</Filter>
    </ClCompile>
    <ClCompile Include="IA.cpp">
      <Filter>Fichiers sources\Joueur</Filter>
    </ClCompile>
    <ClCompile Include="IARandom.cpp">
      <Filter>Fichiers sources\Joueur</Filter>
    </ClCompile>
    <ClCompile Include="Square.cpp">
      <Filter>Fichiers sources\Plateau</Filter>
    </ClCompile>
    <ClCompile Include="IAMinimax.cpp">
      <Filter>Fichiers sources\Joueur</Filter>
    </ClCompile>
  </ItemGroup>
  <ItemGroup>
    <ClInclude Include="Constants.h">
      <Filter>Fichiers d%27en-tête</Filter>
    </ClInclude>
    <ClInclude Include="MyControlEngine.h">
      <Filter>Fichiers d%27en-tête\Engine</Filter>
    </ClInclude>
    <ClInclude Include="MyGameEngine.h">
      <Filter>Fichiers d%27en-tête\Engine</Filter>
    </ClInclude>
    <ClInclude Include="MyGraphicEngine.h">
      <Filter>Fichiers d%27en-tête\Engine</Filter>
    </ClInclude>
    <ClInclude Include="Morpion.h">
      <Filter>Fichiers d%27en-tête\Plateau</Filter>
    </ClInclude>
    <ClInclude Include="Square.h">
      <Filter>Fichiers d%27en-tête\Plateau</Filter>
    </ClInclude>
    <ClInclude Include="Player.h">
      <Filter>Fichiers d%27en-tête\Joueur</Filter>
    </ClInclude>
    <ClInclude Include="IA.h">
      <Filter>Fichiers d%27en-tête\Joueur</Filter>
    </ClInclude>
    <ClInclude Include="IARandom.h">
      <Filter>Fichiers d%27en-tête\Joueur</Filter>
    </ClInclude>
    <ClInclude Include="IAMinimax.h">
      <Filter>Fichiers d%27en-tête\Joueur</Filter>
    </ClInclude>
  </ItemGroup>
</Project>